
Microsoft Visual Studio Solution File, Format Version 12.00
# Visual Studio Version 16
VisualStudioVersion = 16.0.31025.194
MinimumVisualStudioVersion = 10.0.40219.1
Project("{FAE04EC0-301F-11D3-BF4B-00C04F79EFBC}") = "AlbumRent_MVC", "AlbumRent_MVC.csproj", "{71F33722-8193-49D6-AF10-EB6CF50B1D83}"
EndProject
Global
	GlobalSection(SolutionConfigurationPlatforms) = preSolution
		Debug|Any CPU = Debug|Any CPU
		Release|Any CPU = Release|Any CPU
	EndGlobalSection
	GlobalSection(ProjectConfigurationPlatforms) = postSolution
		{71F33722-8193-49D6-AF10-EB6CF50B1D83}.Debug|Any CPU.ActiveCfg = Debug|Any CPU
		{71F33722-8193-49D6-AF10-EB6CF50B1D83}.Debug|Any CPU.Build.0 = Debug|Any CPU
		{71F33722-8193-49D6-AF10-EB6CF50B1D83}.Release|Any CPU.ActiveCfg = Release|Any CPU
		{71F33722-8193-49D6-AF10-EB6CF50B1D83}.Release|Any CPU.Build.0 = Release|Any CPU
	EndGlobalSection
	GlobalSection(SolutionProperties) = preSolution
		HideSolutionNode = FALSE
	EndGlobalSection
	GlobalSection(ExtensibilityGlobals) = postSolution
		SolutionGuid = {5BA5E81A-662A-4B53-837E-E77ADF5E9FD8}
	EndGlobalSection
EndGlobal
